// !$*UTF8*$!
{
	archiveVersion = 1;
	classes = {
	};
	objectVersion = 50;
	objects = {

/* Begin PBXBuildFile section */
		DD153D7626A876C000E21143 /* StripedRect.swift in Sources */ = {isa = PBXBuildFile; fileRef = DD153D7526A876C000E21143 /* StripedRect.swift */; };
		DD153D7826A87DC100E21143 /* CardView.swift in Sources */ = {isa = PBXBuildFile; fileRef = DD153D7726A87DC100E21143 /* CardView.swift */; };
		DD153D7A26A8856F00E21143 /* Shape+Extension.swift in Sources */ = {isa = PBXBuildFile; fileRef = DD153D7926A8856E00E21143 /* Shape+Extension.swift */; };
		DD4777C726A5BE840054557E /* Diamond.swift in Sources */ = {isa = PBXBuildFile; fileRef = DD4777C626A5BE840054557E /* Diamond.swift */; };
		DD4777C926A5D32F0054557E /* Squiggle.swift in Sources */ = {isa = PBXBuildFile; fileRef = DD4777C826A5D32F0054557E /* Squiggle.swift */; };
		DD4C57DD2690C2C500A98F32 /* SetApp.swift in Sources */ = {isa = PBXBuildFile; fileRef = DD4C57DC2690C2C500A98F32 /* SetApp.swift */; };
		DD4C57DF2690C2C500A98F32 /* SetCardGameView.swift in Sources */ = {isa = PBXBuildFile; fileRef = DD4C57DE2690C2C500A98F32 /* SetCardGameView.swift */; };
		DD4C57E12690C2C700A98F32 /* Assets.xcassets in Resources */ = {isa = PBXBuildFile; fileRef = DD4C57E02690C2C700A98F32 /* Assets.xcassets */; };
		DD4C57E42690C2C700A98F32 /* Preview Assets.xcassets in Resources */ = {isa = PBXBuildFile; fileRef = DD4C57E32690C2C700A98F32 /* Preview Assets.xcassets */; };
		DD78FBF926AAC51500146DB0 /* SetGame.swift in Sources */ = {isa = PBXBuildFile; fileRef = DD78FBF826AAC51500146DB0 /* SetGame.swift */; };
		DDA0AEF3269C96C000112766 /* AspectVGrid.swift in Sources */ = {isa = PBXBuildFile; fileRef = DDA0AEF2269C96C000112766 /* AspectVGrid.swift */; };
		DDA0AEF7269C99B300112766 /* Deck.swift in Sources */ = {isa = PBXBuildFile; fileRef = DDA0AEF6269C99B300112766 /* Deck.swift */; };
		DDA0AEF9269CBC9100112766 /* SetCardGame.swift in Sources */ = {isa = PBXBuildFile; fileRef = DDA0AEF8269CBC9100112766 /* SetCardGame.swift */; };
/* End PBXBuildFile section */

/* Begin PBXFileReference section */
		DD153D7526A876C000E21143 /* StripedRect.swift */ = {isa = PBXFileReference; lastKnownFileType = sourcecode.swift; path = StripedRect.swift; sourceTree = "<group>"; };
		DD153D7726A87DC100E21143 /* CardView.swift */ = {isa = PBXFileReference; lastKnownFileType = sourcecode.swift; path = CardView.swift; sourceTree = "<group>"; };
		DD153D7926A8856E00E21143 /* Shape+Extension.swift */ = {isa = PBXFileReference; lastKnownFileType = sourcecode.swift; path = "Shape+Extension.swift"; sourceTree = "<group>"; };
		DD4777C626A5BE840054557E /* Diamond.swift */ = {isa = PBXFileReference; lastKnownFileType = sourcecode.swift; path = Diamond.swift; sourceTree = "<group>"; };
		DD4777C826A5D32F0054557E /* Squiggle.swift */ = {isa = PBXFileReference; lastKnownFileType = sourcecode.swift; path = Squiggle.swift; sourceTree = "<group>"; };
		DD4C57D92690C2C500A98F32 /* Set.app */ = {isa = PBXFileReference; explicitFileType = wrapper.application; includeInIndex = 0; path = Set.app; sourceTree = BUILT_PRODUCTS_DIR; };
		DD4C57DC2690C2C500A98F32 /* SetApp.swift */ = {isa = PBXFileReference; lastKnownFileType = sourcecode.swift; path = SetApp.swift; sourceTree = "<group>"; };
		DD4C57DE2690C2C500A98F32 /* SetCardGameView.swift */ = {isa = PBXFileReference; lastKnownFileType = sourcecode.swift; path = SetCardGameView.swift; sourceTree = "<group>"; };
		DD4C57E02690C2C700A98F32 /* Assets.xcassets */ = {isa = PBXFileReference; lastKnownFileType = folder.assetcatalog; path = Assets.xcassets; sourceTree = "<group>"; };
		DD4C57E32690C2C700A98F32 /* Preview Assets.xcassets */ = {isa = PBXFileReference; lastKnownFileType = folder.assetcatalog; path = "Preview Assets.xcassets"; sourceTree = "<group>"; };
		DD4C57E52690C2C700A98F32 /* Info.plist */ = {isa = PBXFileReference; lastKnownFileType = text.plist.xml; path = Info.plist; sourceTree = "<group>"; };
		DD78FBF826AAC51500146DB0 /* SetGame.swift */ = {isa = PBXFileReference; lastKnownFileType = sourcecode.swift; path = SetGame.swift; sourceTree = "<group>"; };
		DDA0AEF2269C96C000112766 /* AspectVGrid.swift */ = {isa = PBXFileReference; lastKnownFileType = sourcecode.swift; path = AspectVGrid.swift; sourceTree = "<group>"; };
		DDA0AEF6269C99B300112766 /* Deck.swift */ = {isa = PBXFileReference; lastKnownFileType = sourcecode.swift; path = Deck.swift; sourceTree = "<group>"; };
		DDA0AEF8269CBC9100112766 /* SetCardGame.swift */ = {isa = PBXFileReference; lastKnownFileType = sourcecode.swift; path = SetCardGame.swift; sourceTree = "<group>"; };
/* End PBXFileReference section */

/* Begin PBXFrameworksBuildPhase section */
		DD4C57D62690C2C500A98F32 /* Frameworks */ = {
			isa = PBXFrameworksBuildPhase;
			buildActionMask = 2147483647;
			files = (
			);
			runOnlyForDeploymentPostprocessing = 0;
		};
/* End PBXFrameworksBuildPhase section */

/* Begin PBXGroup section */
		DD4C57D02690C2C500A98F32 = {
			isa = PBXGroup;
			children = (
				DD4C57DB2690C2C500A98F32 /* Set */,
				DD4C57DA2690C2C500A98F32 /* Products */,
			);
			sourceTree = "<group>";
		};
		DD4C57DA2690C2C500A98F32 /* Products */ = {
			isa = PBXGroup;
			children = (
				DD4C57D92690C2C500A98F32 /* Set.app */,
			);
			name = Products;
			sourceTree = "<group>";
		};
		DD4C57DB2690C2C500A98F32 /* Set */ = {
			isa = PBXGroup;
			children = (
				DD78FBF726A9F30F00146DB0 /* ViewModel */,
				DDA0AEF5269C993000112766 /* Model */,
				DDA0AEF4269C992000112766 /* Views */,
				DD4C57DC2690C2C500A98F32 /* SetApp.swift */,
				DD4C57E02690C2C700A98F32 /* Assets.xcassets */,
				DD4C57E52690C2C700A98F32 /* Info.plist */,
				DD4C57E22690C2C700A98F32 /* Preview Content */,
			);
			path = Set;
			sourceTree = "<group>";
		};
		DD4C57E22690C2C700A98F32 /* Preview Content */ = {
			isa = PBXGroup;
			children = (
				DD4C57E32690C2C700A98F32 /* Preview Assets.xcassets */,
			);
			path = "Preview Content";
			sourceTree = "<group>";
		};
		DD78FBF726A9F30F00146DB0 /* ViewModel */ = {
			isa = PBXGroup;
			children = (
				DDA0AEF8269CBC9100112766 /* SetCardGame.swift */,
			);
			path = ViewModel;
			sourceTree = "<group>";
		};
		DDA0AEF4269C992000112766 /* Views */ = {
			isa = PBXGroup;
			children = (
				DD4C57DE2690C2C500A98F32 /* SetCardGameView.swift */,
				DDA0AEF2269C96C000112766 /* AspectVGrid.swift */,
				DD4777C626A5BE840054557E /* Diamond.swift */,
				DD4777C826A5D32F0054557E /* Squiggle.swift */,
				DD153D7526A876C000E21143 /* StripedRect.swift */,
				DD153D7726A87DC100E21143 /* CardView.swift */,
				DD153D7926A8856E00E21143 /* Shape+Extension.swift */,
			);
			path = Views;
			sourceTree = "<group>";
		};
		DDA0AEF5269C993000112766 /* Model */ = {
			isa = PBXGroup;
			children = (
				DDA0AEF6269C99B300112766 /* Deck.swift */,
				DD78FBF826AAC51500146DB0 /* SetGame.swift */,
			);
			path = Model;
			sourceTree = "<group>";
		};
/* End PBXGroup section */

/* Begin PBXNativeTarget section */
		DD4C57D82690C2C500A98F32 /* Set */ = {
			isa = PBXNativeTarget;
			buildConfigurationList = DD4C57E82690C2C700A98F32 /* Build configuration list for PBXNativeTarget "Set" */;
			buildPhases = (
				DD4C57D52690C2C500A98F32 /* Sources */,
				DD4C57D62690C2C500A98F32 /* Frameworks */,
				DD4C57D72690C2C500A98F32 /* Resources */,
			);
			buildRules = (
			);
			dependencies = (
			);
			name = Set;
			productName = Set;
			productReference = DD4C57D92690C2C500A98F32 /* Set.app */;
			productType = "com.apple.product-type.application";
		};
/* End PBXNativeTarget section */

/* Begin PBXProject section */
		DD4C57D12690C2C500A98F32 /* Project object */ = {
			isa = PBXProject;
			attributes = {
				LastSwiftUpdateCheck = 1250;
				LastUpgradeCheck = 1250;
				TargetAttributes = {
					DD4C57D82690C2C500A98F32 = {
						CreatedOnToolsVersion = 12.5.1;
					};
				};
			};
			buildConfigurationList = DD4C57D42690C2C500A98F32 /* Build configuration list for PBXProject "Set" */;
			compatibilityVersion = "Xcode 9.3";
			developmentRegion = en;
			hasScannedForEncodings = 0;
			knownRegions = (
				en,
				Base,
			);
			mainGroup = DD4C57D02690C2C500A98F32;
			productRefGroup = DD4C57DA2690C2C500A98F32 /* Products */;
			projectDirPath = "";
			projectRoot = "";
			targets = (
				DD4C57D82690C2C500A98F32 /* Set */,
			);
		};
/* End PBXProject section */

/* Begin PBXResourcesBuildPhase section */
		DD4C57D72690C2C500A98F32 /* Resources */ = {
			isa = PBXResourcesBuildPhase;
			buildActionMask = 2147483647;
			files = (
				DD4C57E42690C2C700A98F32 /* Preview Assets.xcassets in Resources */,
				DD4C57E12690C2C700A98F32 /* Assets.xcassets in Resources */,
			);
			runOnlyForDeploymentPostprocessing = 0;
		};
/* End PBXResourcesBuildPhase section */

/* Begin PBXSourcesBuildPhase section */
		DD4C57D52690C2C500A98F32 /* Sources */ = {
			isa = PBXSourcesBuildPhase;
			buildActionMask = 2147483647;
			files = (
				DD78FBF926AAC51500146DB0 /* SetGame.swift in Sources */,
				DD4777C726A5BE840054557E /* Diamond.swift in Sources */,
				DD153D7826A87DC100E21143 /* CardView.swift in Sources */,
				DD4777C926A5D32F0054557E /* Squiggle.swift in Sources */,
				DDA0AEF9269CBC9100112766 /* SetCardGame.swift in Sources */,
				DD4C57DF2690C2C500A98F32 /* SetCardGameView.swift in Sources */,
				DD153D7A26A8856F00E21143 /* Shape+Extension.swift in Sources */,
				DD4C57DD2690C2C500A98F32 /* SetApp.swift in Sources */,
				DD153D7626A876C000E21143 /* StripedRect.swift in Sources */,
				DDA0AEF7269C99B300112766 /* Deck.swift in Sources */,
				DDA0AEF3269C96C000112766 /* AspectVGrid.swift in Sources */,
			);
			runOnlyForDeploymentPostprocessing = 0;
		};
/* End PBXSourcesBuildPhase section */

/* Begin XCBuildConfiguration section */
		DD4C57E62690C2C700A98F32 /* Debug */ = {
			isa = XCBuildConfiguration;
			buildSettings = {
				ALWAYS_SEARCH_USER_PATHS = NO;
				CLANG_ANALYZER_NONNULL = YES;
				CLANG_ANALYZER_NUMBER_OBJECT_CONVERSION = YES_AGGRESSIVE;
				CLANG_CXX_LANGUAGE_STANDARD = "gnu++14";
				CLANG_CXX_LIBRARY = "libc++";
				CLANG_ENABLE_MODULES = YES;
				CLANG_ENABLE_OBJC_ARC = YES;
				CLANG_ENABLE_OBJC_WEAK = YES;
				CLANG_WARN_BLOCK_CAPTURE_AUTORELEASING = YES;
				CLANG_WARN_BOOL_CONVERSION = YES;
				CLANG_WARN_COMMA = YES;
				CLANG_WARN_CONSTANT_CONVERSION = YES;
				CLANG_WARN_DEPRECATED_OBJC_IMPLEMENTATIONS = YES;
				CLANG_WARN_DIRECT_OBJC_ISA_USAGE = YES_ERROR;
				CLANG_WARN_DOCUMENTATION_COMMENTS = YES;
				CLANG_WARN_EMPTY_BODY = YES;
				CLANG_WARN_ENUM_CONVERSION = YES;
				CLANG_WARN_INFINITE_RECURSION = YES;
				CLANG_WARN_INT_CONVERSION = YES;
				CLANG_WARN_NON_LITERAL_NULL_CONVERSION = YES;
				CLANG_WARN_OBJC_IMPLICIT_RETAIN_SELF = YES;
				CLANG_WARN_OBJC_LITERAL_CONVERSION = YES;
				CLANG_WARN_OBJC_ROOT_CLASS = YES_ERROR;
				CLANG_WARN_QUOTED_INCLUDE_IN_FRAMEWORK_HEADER = YES;
				CLANG_WARN_RANGE_LOOP_ANALYSIS = YES;
				CLANG_WARN_STRICT_PROTOTYPES = YES;
				CLANG_WARN_SUSPICIOUS_MOVE = YES;
				CLANG_WARN_UNGUARDED_AVAILABILITY = YES_AGGRESSIVE;
				CLANG_WARN_UNREACHABLE_CODE = YES;
				CLANG_WARN__DUPLICATE_METHOD_MATCH = YES;
				COPY_PHASE_STRIP = NO;
				DEBUG_INFORMATION_FORMAT = dwarf;
				ENABLE_STRICT_OBJC_MSGSEND = YES;
				ENABLE_TESTABILITY = YES;
				GCC_C_LANGUAGE_STANDARD = gnu11;
				GCC_DYNAMIC_NO_PIC = NO;
				GCC_NO_COMMON_BLOCKS = YES;
				GCC_OPTIMIZATION_LEVEL = 0;
				GCC_PREPROCESSOR_DEFINITIONS = (
					"DEBUG=1",
					"$(inherited)",
				);
				GCC_WARN_64_TO_32_BIT_CONVERSION = YES;
				GCC_WARN_ABOUT_RETURN_TYPE = YES_ERROR;
				GCC_WARN_UNDECLARED_SELECTOR = YES;
				GCC_WARN_UNINITIALIZED_AUTOS = YES_AGGRESSIVE;
				GCC_WARN_UNUSED_FUNCTION = YES;
				GCC_WARN_UNUSED_VARIABLE = YES;
				IPHONEOS_DEPLOYMENT_TARGET = 14.5;
				MTL_ENABLE_DEBUG_INFO = INCLUDE_SOURCE;
				MTL_FAST_MATH = YES;
				ONLY_ACTIVE_ARCH = YES;
				SDKROOT = iphoneos;
				SWIFT_ACTIVE_COMPILATION_CONDITIONS = DEBUG;
				SWIFT_OPTIMIZATION_LEVEL = "-Onone";
			};
			name = Debug;
		};
		DD4C57E72690C2C700A98F32 /* Release */ = {
			isa = XCBuildConfiguration;
			buildSettings = {
				ALWAYS_SEARCH_USER_PATHS = NO;
				CLANG_ANALYZER_NONNULL = YES;
				CLANG_ANALYZER_NUMBER_OBJECT_CONVERSION = YES_AGGRESSIVE;
				CLANG_CXX_LANGUAGE_STANDARD = "gnu++14";
				CLANG_CXX_LIBRARY = "libc++";
				CLANG_ENABLE_MODULES = YES;
				CLANG_ENABLE_OBJC_ARC = YES;
				CLANG_ENABLE_OBJC_WEAK = YES;
				CLANG_WARN_BLOCK_CAPTURE_AUTORELEASING = YES;
				CLANG_WARN_BOOL_CONVERSION = YES;
				CLANG_WARN_COMMA = YES;
				CLANG_WARN_CONSTANT_CONVERSION = YES;
				CLANG_WARN_DEPRECATED_OBJC_IMPLEMENTATIONS = YES;
				CLANG_WARN_DIRECT_OBJC_ISA_USAGE = YES_ERROR;
				CLANG_WARN_DOCUMENTATION_COMMENTS = YES;
				CLANG_WARN_EMPTY_BODY = YES;
				CLANG_WARN_ENUM_CONVERSION = YES;
				CLANG_WARN_INFINITE_RECURSION = YES;
				CLANG_WARN_INT_CONVERSION = YES;
				CLANG_WARN_NON_LITERAL_NULL_CONVERSION = YES;
				CLANG_WARN_OBJC_IMPLICIT_RETAIN_SELF = YES;
				CLANG_WARN_OBJC_LITERAL_CONVERSION = YES;
				CLANG_WARN_OBJC_ROOT_CLASS = YES_ERROR;
				CLANG_WARN_QUOTED_INCLUDE_IN_FRAMEWORK_HEADER = YES;
				CLANG_WARN_RANGE_LOOP_ANALYSIS = YES;
				CLANG_WARN_STRICT_PROTOTYPES = YES;
				CLANG_WARN_SUSPICIOUS_MOVE = YES;
				CLANG_WARN_UNGUARDED_AVAILABILITY = YES_AGGRESSIVE;
				CLANG_WARN_UNREACHABLE_CODE = YES;
				CLANG_WARN__DUPLICATE_METHOD_MATCH = YES;
				COPY_PHASE_STRIP = NO;
				DEBUG_INFORMATION_FORMAT = "dwarf-with-dsym";
				ENABLE_NS_ASSERTIONS = NO;
				ENABLE_STRICT_OBJC_MSGSEND = YES;
				GCC_C_LANGUAGE_STANDARD = gnu11;
				GCC_NO_COMMON_BLOCKS = YES;
				GCC_WARN_64_TO_32_BIT_CONVERSION = YES;
				GCC_WARN_ABOUT_RETURN_TYPE = YES_ERROR;
				GCC_WARN_UNDECLARED_SELECTOR = YES;
				GCC_WARN_UNINITIALIZED_AUTOS = YES_AGGRESSIVE;
				GCC_WARN_UNUSED_FUNCTION = YES;
				GCC_WARN_UNUSED_VARIABLE = YES;
				IPHONEOS_DEPLOYMENT_TARGET = 14.5;
				MTL_ENABLE_DEBUG_INFO = NO;
				MTL_FAST_MATH = YES;
				SDKROOT = iphoneos;
				SWIFT_COMPILATION_MODE = wholemodule;
				SWIFT_OPTIMIZATION_LEVEL = "-O";
				VALIDATE_PRODUCT = YES;
			};
			name = Release;
		};
		DD4C57E92690C2C700A98F32 /* Debug */ = {
			isa = XCBuildConfiguration;
			buildSettings = {
				ASSETCATALOG_COMPILER_APPICON_NAME = AppIcon;
				ASSETCATALOG_COMPILER_GLOBAL_ACCENT_COLOR_NAME = AccentColor;
				CODE_SIGN_STYLE = Automatic;
				DEVELOPMENT_ASSET_PATHS = "\"Set/Preview Content\"";
				DEVELOPMENT_TEAM = FDT69Y2CLT;
				ENABLE_PREVIEWS = YES;
				INFOPLIST_FILE = Set/Info.plist;
				IPHONEOS_DEPLOYMENT_TARGET = 14.0;
				LD_RUNPATH_SEARCH_PATHS = (
					"$(inherited)",
					"@executable_path/Frameworks",
				);
				PRODUCT_BUNDLE_IDENTIFIER = Vadim.Burkin.Set;
				PRODUCT_NAME = "$(TARGET_NAME)";
				SWIFT_VERSION = 5.0;
				TARGETED_DEVICE_FAMILY = "1,2";
			};
			name = Debug;
		};
		DD4C57EA2690C2C700A98F32 /* Release */ = {
			isa = XCBuildConfiguration;
			buildSettings = {
				ASSETCATALOG_COMPILER_APPICON_NAME = AppIcon;
				ASSETCATALOG_COMPILER_GLOBAL_ACCENT_COLOR_NAME = AccentColor;
				CODE_SIGN_STYLE = Automatic;
				DEVELOPMENT_ASSET_PATHS = "\"Set/Preview Content\"";
				DEVELOPMENT_TEAM = FDT69Y2CLT;
				ENABLE_PREVIEWS = YES;
				INFOPLIST_FILE = Set/Info.plist;
				IPHONEOS_DEPLOYMENT_TARGET = 14.0;
				LD_RUNPATH_SEARCH_PATHS = (
					"$(inherited)",
					"@executable_path/Frameworks",
				);
				PRODUCT_BUNDLE_IDENTIFIER = Vadim.Burkin.Set;
				PRODUCT_NAME = "$(TARGET_NAME)";
				SWIFT_VERSION = 5.0;
				TARGETED_DEVICE_FAMILY = "1,2";
			};
			name = Release;
		};
/* End XCBuildConfiguration section */

/* Begin XCConfigurationList section */
		DD4C57D42690C2C500A98F32 /* Build configuration list for PBXProject "Set" */ = {
			isa = XCConfigurationList;
			buildConfigurations = (
				DD4C57E62690C2C700A98F32 /* Debug */,
				DD4C57E72690C2C700A98F32 /* Release */,
			);
			defaultConfigurationIsVisible = 0;
			defaultConfigurationName = Release;
		};
		DD4C57E82690C2C700A98F32 /* Build configuration list for PBXNativeTarget "Set" */ = {
			isa = XCConfigurationList;
			buildConfigurations = (
				DD4C57E92690C2C700A98F32 /* Debug */,
				DD4C57EA2690C2C700A98F32 /* Release */,
			);
			defaultConfigurationIsVisible = 0;
			defaultConfigurationName = Release;
		};
/* End XCConfigurationList section */
	};
	rootObject = DD4C57D12690C2C500A98F32 /* Project object */;
}
